
Microsoft Visual Studio Solution File, Format Version 12.00
# Visual Studio Version 17
VisualStudioVersion = 17.1.32319.34
MinimumVisualStudioVersion = 10.0.40219.1
Project("{FAE04EC0-301F-11D3-BF4B-00C04F79EFBC}") = "Wad_Project_3", "Wad_Project_3\Wad_Project_3.csproj", "{9F70FCD8-A1B2-4FA7-AC7E-3CB69ED953CE}"
EndProject
Global
	GlobalSection(SolutionConfigurationPlatforms) = preSolution
		Debug|Any CPU = Debug|Any CPU
		Release|Any CPU = Release|Any CPU
	EndGlobalSection
	GlobalSection(ProjectConfigurationPlatforms) = postSolution
		{9F70FCD8-A1B2-4FA7-AC7E-3CB69ED953CE}.Debug|Any CPU.ActiveCfg = Debug|Any CPU
		{9F70FCD8-A1B2-4FA7-AC7E-3CB69ED953CE}.Debug|Any CPU.Build.0 = Debug|Any CPU
		{9F70FCD8-A1B2-4FA7-AC7E-3CB69ED953CE}.Release|Any CPU.ActiveCfg = Release|Any CPU
		{9F70FCD8-A1B2-4FA7-AC7E-3CB69ED953CE}.Release|Any CPU.Build.0 = Release|Any CPU
	EndGlobalSection
	GlobalSection(SolutionProperties) = preSolution
		HideSolutionNode = FALSE
	EndGlobalSection
	GlobalSection(ExtensibilityGlobals) = postSolution
		SolutionGuid = {4DF5DAB1-3A99-4E86-ACCD-35183004A4E6}
	EndGlobalSection
EndGlobal
